
Microsoft Visual Studio Solution File, Format Version 12.00
# Visual Studio Version 17
VisualStudioVersion = 17.6.33829.357
MinimumVisualStudioVersion = 10.0.40219.1
Project("{FAE04EC0-301F-11D3-BF4B-00C04F79EFBC}") = "33526559_Abbishek_Portfolio", "33526559_Abbishek_Portfolio.csproj", "{1C6A1BE5-D679-4C76-BA43-BBC0A27EBF23}"
EndProject
Global
	GlobalSection(SolutionConfigurationPlatforms) = preSolution
		Debug|Any CPU = Debug|Any CPU
		Release|Any CPU = Release|Any CPU
	EndGlobalSection
	GlobalSection(ProjectConfigurationPlatforms) = postSolution
		{1C6A1BE5-D679-4C76-BA43-BBC0A27EBF23}.Debug|Any CPU.ActiveCfg = Debug|Any CPU
		{1C6A1BE5-D679-4C76-BA43-BBC0A27EBF23}.Debug|Any CPU.Build.0 = Debug|Any CPU
		{1C6A1BE5-D679-4C76-BA43-BBC0A27EBF23}.Release|Any CPU.ActiveCfg = Release|Any CPU
		{1C6A1BE5-D679-4C76-BA43-BBC0A27EBF23}.Release|Any CPU.Build.0 = Release|Any CPU
	EndGlobalSection
	GlobalSection(SolutionProperties) = preSolution
		HideSolutionNode = FALSE
	EndGlobalSection
	GlobalSection(ExtensibilityGlobals) = postSolution
		SolutionGuid = {8414875F-B31C-4ED4-91BB-CFD18F8FE404}
	EndGlobalSection
EndGlobal
